
Microsoft Visual Studio Solution File, Format Version 12.00
# Visual Studio Version 17
VisualStudioVersion = 17.8.34511.84
MinimumVisualStudioVersion = 10.0.40219.1
Project("{FAE04EC0-301F-11D3-BF4B-00C04F79EFBC}") = "Recipe_book", "Recipe_book.csproj", "{1B409218-6290-45E9-8BA1-B8CF939D8626}"
EndProject
Global
	GlobalSection(SolutionConfigurationPlatforms) = preSolution
		Debug|Any CPU = Debug|Any CPU
		Release|Any CPU = Release|Any CPU
	EndGlobalSection
	GlobalSection(ProjectConfigurationPlatforms) = postSolution
		{1B409218-6290-45E9-8BA1-B8CF939D8626}.Debug|Any CPU.ActiveCfg = Debug|Any CPU
		{1B409218-6290-45E9-8BA1-B8CF939D8626}.Debug|Any CPU.Build.0 = Debug|Any CPU
		{1B409218-6290-45E9-8BA1-B8CF939D8626}.Release|Any CPU.ActiveCfg = Release|Any CPU
		{1B409218-6290-45E9-8BA1-B8CF939D8626}.Release|Any CPU.Build.0 = Release|Any CPU
	EndGlobalSection
	GlobalSection(SolutionProperties) = preSolution
		HideSolutionNode = FALSE
	EndGlobalSection
	GlobalSection(ExtensibilityGlobals) = postSolution
		SolutionGuid = {B610736F-533E-4D05-B7C3-1E11FB200947}
	EndGlobalSection
EndGlobal
